
Microsoft Visual Studio Solution File, Format Version 12.00
# Visual Studio Version 16
VisualStudioVersion = 16.0.31613.86
MinimumVisualStudioVersion = 10.0.40219.1
Project("{2150E333-8FDC-42A3-9474-1A3956D46DE8}") = "Client", "Client", "{9CB6E3B4-0547-496E-9C37-3352AD061C4D}"
EndProject
Project("{2150E333-8FDC-42A3-9474-1A3956D46DE8}") = "Start", "Start", "{06FE0A9A-E330-4D20-A3AA-5DC28E58A279}"
EndProject
Project("{FAE04EC0-301F-11D3-BF4B-00C04F79EFBC}") = "DistantStars.Client.Start", "Client\DistantStars.Client.Start\DistantStars.Client.Start.csproj", "{23521140-4B6B-4001-A891-C014EF4DF2DF}"
EndProject
Project("{2150E333-8FDC-42A3-9474-1A3956D46DE8}") = "Server", "Server", "{4198FA4B-CCF8-4AA6-83B5-D9029FB1A26A}"
EndProject
Project("{2150E333-8FDC-42A3-9474-1A3956D46DE8}") = "Common", "Common", "{501B78E2-3EF3-4DAD-81CA-76BFF812B11B}"
EndProject
Project("{2150E333-8FDC-42A3-9474-1A3956D46DE8}") = "Start", "Start", "{46E68715-2B43-4817-AE08-AF6F44E2D80E}"
EndProject
Project("{2150E333-8FDC-42A3-9474-1A3956D46DE8}") = "BLL", "BLL", "{8A5074E3-3419-4861-80F3-85563A8BACEC}"
EndProject
Project("{2150E333-8FDC-42A3-9474-1A3956D46DE8}") = "DAL", "DAL", "{28429131-8ADA-4C51-BC56-78FD04A17B89}"
EndProject
Project("{2150E333-8FDC-42A3-9474-1A3956D46DE8}") = "Module", "Module", "{A44F2CB2-5978-4DA2-975C-4E41CEA43569}"
EndProject
Project("{2150E333-8FDC-42A3-9474-1A3956D46DE8}") = "Common", "Common", "{169809BC-6B56-4FB4-AAAA-EE6688587EC5}"
EndProject
Project("{9A19103F-16F7-4668-BE54-9A1E7A4F7556}") = "DistantStars.Common.DTO", "Common\DistantStars.Common.DTO\DistantStars.Common.DTO.csproj", "{2B5CE42A-7A8C-4B3B-BA27-8B3FC407CC1E}"
EndProject
Project("{FAE04EC0-301F-11D3-BF4B-00C04F79EFBC}") = "DistantStars.Client.ContentModule", "Client\DistantStars.Client.ContentModule\DistantStars.Client.ContentModule.csproj", "{7CC34C8B-2660-4CF8-A7E0-BA2322BEF382}"
EndProject
Project("{FAE04EC0-301F-11D3-BF4B-00C04F79EFBC}") = "DistantStars.Client.HeadModule", "Client\DistantStars.Client.HeadModule\DistantStars.Client.HeadModule.csproj", "{7D23B58E-947D-4830-AEBB-E038DBB1524A}"
EndProject
Project("{FAE04EC0-301F-11D3-BF4B-00C04F79EFBC}") = "DistantStars.Client.DAL", "Client\DistantStars.Client.DAL\DistantStars.Client.DAL.csproj", "{CA69D7FF-ED12-472E-8BC5-6A4BB28DBDA8}"
EndProject
Project("{FAE04EC0-301F-11D3-BF4B-00C04F79EFBC}") = "DistantStars.Client.IDAL", "Client\DistantStars.Client.IDAL\DistantStars.Client.IDAL.csproj", "{10026097-6BC9-45EE-BC96-7A456014965E}"
EndProject
Project("{FAE04EC0-301F-11D3-BF4B-00C04F79EFBC}") = "DistantStars.Client.Model", "Client\DistantStars.Client.Model\DistantStars.Client.Model.csproj", "{32269D05-163D-4B28-8DB3-1CDC5F5F3CA9}"
EndProject
Project("{FAE04EC0-301F-11D3-BF4B-00C04F79EFBC}") = "DistantStars.Client.Common", "Client\DistantStars.Client.Common\DistantStars.Client.Common.csproj", "{4BFC756E-ADC8-4E0F-9D24-34670DB139B1}"
EndProject
Project("{FAE04EC0-301F-11D3-BF4B-00C04F79EFBC}") = "DistantStars.Client.BLL", "Client\DistantStars.Client.BLL\DistantStars.Client.BLL.csproj", "{ECDF408E-038B-4587-A5EA-2893FF7AB715}"
EndProject
Project("{FAE04EC0-301F-11D3-BF4B-00C04F79EFBC}") = "DistantStars.Client.IBLL", "Client\DistantStars.Client.IBLL\DistantStars.Client.IBLL.csproj", "{FE450EDB-908B-4484-B8FA-B32F3E829220}"
EndProject
Project("{FAE04EC0-301F-11D3-BF4B-00C04F79EFBC}") = "DistantStars.Client.Resource", "Client\DistantStars.Client.Resource\DistantStars.Client.Resource.csproj", "{621F739D-194E-4AE0-B85A-B93356D8FA23}"
EndProject
Project("{9A19103F-16F7-4668-BE54-9A1E7A4F7556}") = "DistantStars.Server.Start", "Server\DistantStars.Server.Start\DistantStars.Server.Start.csproj", "{E9E5DC66-DFA9-4DB8-BE27-53093519D23A}"
EndProject
Project("{2150E333-8FDC-42A3-9474-1A3956D46DE8}") = "Service", "Service", "{C6C8B05D-487D-411B-A677-A22BCFDBB0EB}"
EndProject
Project("{2150E333-8FDC-42A3-9474-1A3956D46DE8}") = "Models", "Models", "{98AA1B60-EF89-445E-923C-888DFDC81483}"
EndProject
Project("{2150E333-8FDC-42A3-9474-1A3956D46DE8}") = "Context", "Context", "{2A588EF1-488F-4420-9B4E-437EEE4755C1}"
EndProject
Project("{9A19103F-16F7-4668-BE54-9A1E7A4F7556}") = "DistantStars.Server.IService", "Server\DistantStars.Server.IService\DistantStars.Server.IService.csproj", "{1519B0CE-F6F5-47B0-B05F-DAD732F542D8}"
EndProject
Project("{9A19103F-16F7-4668-BE54-9A1E7A4F7556}") = "DistantStars.Server.Service", "Server\DistantStars.Server.Service\DistantStars.Server.Service.csproj", "{77D68D54-DD27-479B-835F-FD688B6BC4DC}"
EndProject
Project("{9A19103F-16F7-4668-BE54-9A1E7A4F7556}") = "DistantStars.Server.DBContext", "Server\DistantStars.Server.DBContext\DistantStars.Server.DBContext.csproj", "{18C2C7EE-9A50-4D28-B3E9-22426D4DDB21}"
EndProject
Project("{9A19103F-16F7-4668-BE54-9A1E7A4F7556}") = "DistantStars.Server.Model", "Server\DistantStars.Server.Model\DistantStars.Server.Model.csproj", "{1ECFA7EE-1BE1-4B7A-A1A9-FA2D64D1CBCC}"
EndProject
Project("{FAE04EC0-301F-11D3-BF4B-00C04F79EFBC}") = "DistantStars.Client.GameModule", "Client\DistantStars.Client.GameModule\DistantStars.Client.GameModule.csproj", "{9C498098-86E2-43BC-B56A-264B4229AF3F}"
EndProject
Global
	GlobalSection(SolutionConfigurationPlatforms) = preSolution
		Debug|Any CPU = Debug|Any CPU
		Release|Any CPU = Release|Any CPU
	EndGlobalSection
	GlobalSection(ProjectConfigurationPlatforms) = postSolution
		{23521140-4B6B-4001-A891-C014EF4DF2DF}.Debug|Any CPU.ActiveCfg = Debug|Any CPU
		{23521140-4B6B-4001-A891-C014EF4DF2DF}.Debug|Any CPU.Build.0 = Debug|Any CPU
		{23521140-4B6B-4001-A891-C014EF4DF2DF}.Release|Any CPU.ActiveCfg = Release|Any CPU
		{23521140-4B6B-4001-A891-C014EF4DF2DF}.Release|Any CPU.Build.0 = Release|Any CPU
		{2B5CE42A-7A8C-4B3B-BA27-8B3FC407CC1E}.Debug|Any CPU.ActiveCfg = Debug|Any CPU
		{2B5CE42A-7A8C-4B3B-BA27-8B3FC407CC1E}.Debug|Any CPU.Build.0 = Debug|Any CPU
		{2B5CE42A-7A8C-4B3B-BA27-8B3FC407CC1E}.Release|Any CPU.ActiveCfg = Release|Any CPU
		{2B5CE42A-7A8C-4B3B-BA27-8B3FC407CC1E}.Release|Any CPU.Build.0 = Release|Any CPU
		{7CC34C8B-2660-4CF8-A7E0-BA2322BEF382}.Debug|Any CPU.ActiveCfg = Debug|Any CPU
		{7CC34C8B-2660-4CF8-A7E0-BA2322BEF382}.Debug|Any CPU.Build.0 = Debug|Any CPU
		{7CC34C8B-2660-4CF8-A7E0-BA2322BEF382}.Release|Any CPU.ActiveCfg = Release|Any CPU
		{7CC34C8B-2660-4CF8-A7E0-BA2322BEF382}.Release|Any CPU.Build.0 = Release|Any CPU
		{7D23B58E-947D-4830-AEBB-E038DBB1524A}.Debug|Any CPU.ActiveCfg = Debug|Any CPU
		{7D23B58E-947D-4830-AEBB-E038DBB1524A}.Debug|Any CPU.Build.0 = Debug|Any CPU
		{7D23B58E-947D-4830-AEBB-E038DBB1524A}.Release|Any CPU.ActiveCfg = Release|Any CPU
		{7D23B58E-947D-4830-AEBB-E038DBB1524A}.Release|Any CPU.Build.0 = Release|Any CPU
		{CA69D7FF-ED12-472E-8BC5-6A4BB28DBDA8}.Debug|Any CPU.ActiveCfg = Debug|Any CPU
		{CA69D7FF-ED12-472E-8BC5-6A4BB28DBDA8}.Debug|Any CPU.Build.0 = Debug|Any CPU
		{CA69D7FF-ED12-472E-8BC5-6A4BB28DBDA8}.Release|Any CPU.ActiveCfg = Release|Any CPU
		{CA69D7FF-ED12-472E-8BC5-6A4BB28DBDA8}.Release|Any CPU.Build.0 = Release|Any CPU
		{10026097-6BC9-45EE-BC96-7A456014965E}.Debug|Any CPU.ActiveCfg = Debug|Any CPU
		{10026097-6BC9-45EE-BC96-7A456014965E}.Debug|Any CPU.Build.0 = Debug|Any CPU
		{10026097-6BC9-45EE-BC96-7A456014965E}.Release|Any CPU.ActiveCfg = Release|Any CPU
		{10026097-6BC9-45EE-BC96-7A456014965E}.Release|Any CPU.Build.0 = Release|Any CPU
		{32269D05-163D-4B28-8DB3-1CDC5F5F3CA9}.Debug|Any CPU.ActiveCfg = Debug|Any CPU
		{32269D05-163D-4B28-8DB3-1CDC5F5F3CA9}.Debug|Any CPU.Build.0 = Debug|Any CPU
		{32269D05-163D-4B28-8DB3-1CDC5F5F3CA9}.Release|Any CPU.ActiveCfg = Release|Any CPU
		{32269D05-163D-4B28-8DB3-1CDC5F5F3CA9}.Release|Any CPU.Build.0 = Release|Any CPU
		{4BFC756E-ADC8-4E0F-9D24-34670DB139B1}.Debug|Any CPU.ActiveCfg = Debug|Any CPU
		{4BFC756E-ADC8-4E0F-9D24-34670DB139B1}.Debug|Any CPU.Build.0 = Debug|Any CPU
		{4BFC756E-ADC8-4E0F-9D24-34670DB139B1}.Release|Any CPU.ActiveCfg = Release|Any CPU
		{4BFC756E-ADC8-4E0F-9D24-34670DB139B1}.Release|Any CPU.Build.0 = Release|Any CPU
		{ECDF408E-038B-4587-A5EA-2893FF7AB715}.Debug|Any CPU.ActiveCfg = Debug|Any CPU
		{ECDF408E-038B-4587-A5EA-2893FF7AB715}.Debug|Any CPU.Build.0 = Debug|Any CPU
		{ECDF408E-038B-4587-A5EA-2893FF7AB715}.Release|Any CPU.ActiveCfg = Release|Any CPU
		{ECDF408E-038B-4587-A5EA-2893FF7AB715}.Release|Any CPU.Build.0 = Release|Any CPU
		{FE450EDB-908B-4484-B8FA-B32F3E829220}.Debug|Any CPU.ActiveCfg = Debug|Any CPU
		{FE450EDB-908B-4484-B8FA-B32F3E829220}.Debug|Any CPU.Build.0 = Debug|Any CPU
		{FE450EDB-908B-4484-B8FA-B32F3E829220}.Release|Any CPU.ActiveCfg = Release|Any CPU
		{FE450EDB-908B-4484-B8FA-B32F3E829220}.Release|Any CPU.Build.0 = Release|Any CPU
		{621F739D-194E-4AE0-B85A-B93356D8FA23}.Debug|Any CPU.ActiveCfg = Debug|Any CPU
		{621F739D-194E-4AE0-B85A-B93356D8FA23}.Debug|Any CPU.Build.0 = Debug|Any CPU
		{621F739D-194E-4AE0-B85A-B93356D8FA23}.Release|Any CPU.ActiveCfg = Release|Any CPU
		{621F739D-194E-4AE0-B85A-B93356D8FA23}.Release|Any CPU.Build.0 = Release|Any CPU
		{E9E5DC66-DFA9-4DB8-BE27-53093519D23A}.Debug|Any CPU.ActiveCfg = Debug|Any CPU
		{E9E5DC66-DFA9-4DB8-BE27-53093519D23A}.Debug|Any CPU.Build.0 = Debug|Any CPU
		{E9E5DC66-DFA9-4DB8-BE27-53093519D23A}.Release|Any CPU.ActiveCfg = Release|Any CPU
		{E9E5DC66-DFA9-4DB8-BE27-53093519D23A}.Release|Any CPU.Build.0 = Release|Any CPU
		{1519B0CE-F6F5-47B0-B05F-DAD732F542D8}.Debug|Any CPU.ActiveCfg = Debug|Any CPU
		{1519B0CE-F6F5-47B0-B05F-DAD732F542D8}.Debug|Any CPU.Build.0 = Debug|Any CPU
		{1519B0CE-F6F5-47B0-B05F-DAD732F542D8}.Release|Any CPU.ActiveCfg = Release|Any CPU
		{1519B0CE-F6F5-47B0-B05F-DAD732F542D8}.Release|Any CPU.Build.0 = Release|Any CPU
		{77D68D54-DD27-479B-835F-FD688B6BC4DC}.Debug|Any CPU.ActiveCfg = Debug|Any CPU
		{77D68D54-DD27-479B-835F-FD688B6BC4DC}.Debug|Any CPU.Build.0 = Debug|Any CPU
		{77D68D54-DD27-479B-835F-FD688B6BC4DC}.Release|Any CPU.ActiveCfg = Release|Any CPU
		{77D68D54-DD27-479B-835F-FD688B6BC4DC}.Release|Any CPU.Build.0 = Release|Any CPU
		{18C2C7EE-9A50-4D28-B3E9-22426D4DDB21}.Debug|Any CPU.ActiveCfg = Debug|Any CPU
		{18C2C7EE-9A50-4D28-B3E9-22426D4DDB21}.Debug|Any CPU.Build.0 = Debug|Any CPU
		{18C2C7EE-9A50-4D28-B3E9-22426D4DDB21}.Release|Any CPU.ActiveCfg = Release|Any CPU
		{18C2C7EE-9A50-4D28-B3E9-22426D4DDB21}.Release|Any CPU.Build.0 = Release|Any CPU
		{1ECFA7EE-1BE1-4B7A-A1A9-FA2D64D1CBCC}.Debug|Any CPU.ActiveCfg = Debug|Any CPU
		{1ECFA7EE-1BE1-4B7A-A1A9-FA2D64D1CBCC}.Debug|Any CPU.Build.0 = Debug|Any CPU
		{1ECFA7EE-1BE1-4B7A-A1A9-FA2D64D1CBCC}.Release|Any CPU.ActiveCfg = Release|Any CPU
		{1ECFA7EE-1BE1-4B7A-A1A9-FA2D64D1CBCC}.Release|Any CPU.Build.0 = Release|Any CPU
		{9C498098-86E2-43BC-B56A-264B4229AF3F}.Debug|Any CPU.ActiveCfg = Debug|Any CPU
		{9C498098-86E2-43BC-B56A-264B4229AF3F}.Debug|Any CPU.Build.0 = Debug|Any CPU
		{9C498098-86E2-43BC-B56A-264B4229AF3F}.Release|Any CPU.ActiveCfg = Release|Any CPU
		{9C498098-86E2-43BC-B56A-264B4229AF3F}.Release|Any CPU.Build.0 = Release|Any CPU
	EndGlobalSection
	GlobalSection(SolutionProperties) = preSolution
		HideSolutionNode = FALSE
	EndGlobalSection
	GlobalSection(NestedProjects) = preSolution
		{06FE0A9A-E330-4D20-A3AA-5DC28E58A279} = {9CB6E3B4-0547-496E-9C37-3352AD061C4D}
		{23521140-4B6B-4001-A891-C014EF4DF2DF} = {06FE0A9A-E330-4D20-A3AA-5DC28E58A279}
		{46E68715-2B43-4817-AE08-AF6F44E2D80E} = {4198FA4B-CCF8-4AA6-83B5-D9029FB1A26A}
		{8A5074E3-3419-4861-80F3-85563A8BACEC} = {9CB6E3B4-0547-496E-9C37-3352AD061C4D}
		{28429131-8ADA-4C51-BC56-78FD04A17B89} = {9CB6E3B4-0547-496E-9C37-3352AD061C4D}
		{A44F2CB2-5978-4DA2-975C-4E41CEA43569} = {9CB6E3B4-0547-496E-9C37-3352AD061C4D}
		{169809BC-6B56-4FB4-AAAA-EE6688587EC5} = {9CB6E3B4-0547-496E-9C37-3352AD061C4D}
		{2B5CE42A-7A8C-4B3B-BA27-8B3FC407CC1E} = {501B78E2-3EF3-4DAD-81CA-76BFF812B11B}
		{7CC34C8B-2660-4CF8-A7E0-BA2322BEF382} = {A44F2CB2-5978-4DA2-975C-4E41CEA43569}
		{7D23B58E-947D-4830-AEBB-E038DBB1524A} = {A44F2CB2-5978-4DA2-975C-4E41CEA43569}
		{CA69D7FF-ED12-472E-8BC5-6A4BB28DBDA8} = {28429131-8ADA-4C51-BC56-78FD04A17B89}
		{10026097-6BC9-45EE-BC96-7A456014965E} = {28429131-8ADA-4C51-BC56-78FD04A17B89}
		{32269D05-163D-4B28-8DB3-1CDC5F5F3CA9} = {169809BC-6B56-4FB4-AAAA-EE6688587EC5}
		{4BFC756E-ADC8-4E0F-9D24-34670DB139B1} = {169809BC-6B56-4FB4-AAAA-EE6688587EC5}
		{ECDF408E-038B-4587-A5EA-2893FF7AB715} = {8A5074E3-3419-4861-80F3-85563A8BACEC}
		{FE450EDB-908B-4484-B8FA-B32F3E829220} = {8A5074E3-3419-4861-80F3-85563A8BACEC}
		{621F739D-194E-4AE0-B85A-B93356D8FA23} = {169809BC-6B56-4FB4-AAAA-EE6688587EC5}
		{E9E5DC66-DFA9-4DB8-BE27-53093519D23A} = {46E68715-2B43-4817-AE08-AF6F44E2D80E}
		{C6C8B05D-487D-411B-A677-A22BCFDBB0EB} = {4198FA4B-CCF8-4AA6-83B5-D9029FB1A26A}
		{98AA1B60-EF89-445E-923C-888DFDC81483} = {4198FA4B-CCF8-4AA6-83B5-D9029FB1A26A}
		{2A588EF1-488F-4420-9B4E-437EEE4755C1} = {4198FA4B-CCF8-4AA6-83B5-D9029FB1A26A}
		{1519B0CE-F6F5-47B0-B05F-DAD732F542D8} = {C6C8B05D-487D-411B-A677-A22BCFDBB0EB}
		{77D68D54-DD27-479B-835F-FD688B6BC4DC} = {C6C8B05D-487D-411B-A677-A22BCFDBB0EB}
		{18C2C7EE-9A50-4D28-B3E9-22426D4DDB21} = {2A588EF1-488F-4420-9B4E-437EEE4755C1}
		{1ECFA7EE-1BE1-4B7A-A1A9-FA2D64D1CBCC} = {98AA1B60-EF89-445E-923C-888DFDC81483}
		{9C498098-86E2-43BC-B56A-264B4229AF3F} = {A44F2CB2-5978-4DA2-975C-4E41CEA43569}
	EndGlobalSection
	GlobalSection(ExtensibilityGlobals) = postSolution
		SolutionGuid = {0E271D18-D82F-4DBC-9BCF-1F4C69049C27}
	EndGlobalSection
EndGlobal
